
Microsoft Visual Studio Solution File, Format Version 12.00
# Visual Studio Version 16
VisualStudioVersion = 16.0.29920.165
MinimumVisualStudioVersion = 10.0.40219.1
Project("{FAE04EC0-301F-11D3-BF4B-00C04F79EFBC}") = "Tugas_Modul4_Kel41", "Tugas_Modul4_Kel41.csproj", "{97D3F73E-457E-4F7C-B731-CBD07465D57C}"
EndProject
Global
	GlobalSection(SolutionConfigurationPlatforms) = preSolution
		Debug|Any CPU = Debug|Any CPU
		Release|Any CPU = Release|Any CPU
	EndGlobalSection
	GlobalSection(ProjectConfigurationPlatforms) = postSolution
		{97D3F73E-457E-4F7C-B731-CBD07465D57C}.Debug|Any CPU.ActiveCfg = Debug|Any CPU
		{97D3F73E-457E-4F7C-B731-CBD07465D57C}.Debug|Any CPU.Build.0 = Debug|Any CPU
		{97D3F73E-457E-4F7C-B731-CBD07465D57C}.Release|Any CPU.ActiveCfg = Release|Any CPU
		{97D3F73E-457E-4F7C-B731-CBD07465D57C}.Release|Any CPU.Build.0 = Release|Any CPU
	EndGlobalSection
	GlobalSection(SolutionProperties) = preSolution
		HideSolutionNode = FALSE
	EndGlobalSection
	GlobalSection(ExtensibilityGlobals) = postSolution
		SolutionGuid = {0C725986-904A-436B-A6E7-8C288B14C2D0}
	EndGlobalSection
EndGlobal
